
Microsoft Visual Studio Solution File, Format Version 12.00
# Visual Studio Version 17
VisualStudioVersion = 17.3.32922.545
MinimumVisualStudioVersion = 10.0.40219.1
Project("{8BC9CEB8-8B4A-11D0-8D11-00A0C91BC942}") = "Project4", "Project4\Project4.vcxproj", "{00BDAAF0-B2F4-456C-B17B-046B44A69542}"
EndProject
Global
	GlobalSection(SolutionConfigurationPlatforms) = preSolution
		Debug|x64 = Debug|x64
		Debug|x86 = Debug|x86
		Release|x64 = Release|x64
		Release|x86 = Release|x86
	EndGlobalSection
	GlobalSection(ProjectConfigurationPlatforms) = postSolution
		{00BDAAF0-B2F4-456C-B17B-046B44A69542}.Debug|x64.ActiveCfg = Debug|x64
		{00BDAAF0-B2F4-456C-B17B-046B44A69542}.Debug|x64.Build.0 = Debug|x64
		{00BDAAF0-B2F4-456C-B17B-046B44A69542}.Debug|x86.ActiveCfg = Debug|Win32
		{00BDAAF0-B2F4-456C-B17B-046B44A69542}.Debug|x86.Build.0 = Debug|Win32
		{00BDAAF0-B2F4-456C-B17B-046B44A69542}.Release|x64.ActiveCfg = Release|x64
		{00BDAAF0-B2F4-456C-B17B-046B44A69542}.Release|x64.Build.0 = Release|x64
		{00BDAAF0-B2F4-456C-B17B-046B44A69542}.Release|x86.ActiveCfg = Release|Win32
		{00BDAAF0-B2F4-456C-B17B-046B44A69542}.Release|x86.Build.0 = Release|Win32
	EndGlobalSection
	GlobalSection(SolutionProperties) = preSolution
		HideSolutionNode = FALSE
	EndGlobalSection
	GlobalSection(ExtensibilityGlobals) = postSolution
		SolutionGuid = {696D45B0-FA30-430E-91ED-E4ABE52FDF6E}
	EndGlobalSection
EndGlobal
